// !$*UTF8*$!
{
	archiveVersion = 1;
	classes = {
	};
	objectVersion = 55;
	objects = {

/* Begin PBXBuildFile section */
		55167200293795B500867894 /* README.md in Resources */ = {isa = PBXBuildFile; fileRef = 551671FF293795B500867894 /* README.md */; };
		551D301D29377FBA00C375F0 /* AppDelegate.swift in Sources */ = {isa = PBXBuildFile; fileRef = 551D301C29377FBA00C375F0 /* AppDelegate.swift */; };
		551D301F29377FBA00C375F0 /* SceneDelegate.swift in Sources */ = {isa = PBXBuildFile; fileRef = 551D301E29377FBA00C375F0 /* SceneDelegate.swift */; };
		551D302129377FBA00C375F0 /* ViewController.swift in Sources */ = {isa = PBXBuildFile; fileRef = 551D302029377FBA00C375F0 /* ViewController.swift */; };
		551D302429377FBA00C375F0 /* Main.storyboard in Resources */ = {isa = PBXBuildFile; fileRef = 551D302229377FBA00C375F0 /* Main.storyboard */; };
		551D302629377FBB00C375F0 /* Assets.xcassets in Resources */ = {isa = PBXBuildFile; fileRef = 551D302529377FBB00C375F0 /* Assets.xcassets */; };
		551D302929377FBB00C375F0 /* LaunchScreen.storyboard in Resources */ = {isa = PBXBuildFile; fileRef = 551D302729377FBB00C375F0 /* LaunchScreen.storyboard */; };
		551D305629377FEB00C375F0 /* BoolProtection.swift in Sources */ = {isa = PBXBuildFile; fileRef = 551D304F29377FEB00C375F0 /* BoolProtection.swift */; };
		551D305729377FEB00C375F0 /* ObjectProtection.swift in Sources */ = {isa = PBXBuildFile; fileRef = 551D305029377FEB00C375F0 /* ObjectProtection.swift */; };
		551D305829377FEB00C375F0 /* UIImageProtection.swift in Sources */ = {isa = PBXBuildFile; fileRef = 551D305129377FEB00C375F0 /* UIImageProtection.swift */; };
		551D305929377FEB00C375F0 /* NumberProtection.swift in Sources */ = {isa = PBXBuildFile; fileRef = 551D305229377FEB00C375F0 /* NumberProtection.swift */; };
		551D305A29377FEB00C375F0 /* MissingKeyProtection.swift in Sources */ = {isa = PBXBuildFile; fileRef = 551D305329377FEB00C375F0 /* MissingKeyProtection.swift */; };
		551D305B29377FEB00C375F0 /* NumbersProtection.swift in Sources */ = {isa = PBXBuildFile; fileRef = 551D305429377FEB00C375F0 /* NumbersProtection.swift */; };
		551D305C29377FEB00C375F0 /* URLProtection.swift in Sources */ = {isa = PBXBuildFile; fileRef = 551D305529377FEB00C375F0 /* URLProtection.swift */; };
		F2432DE32939D8F400B1E010 /* BoolProtectionTest.swift in Sources */ = {isa = PBXBuildFile; fileRef = 5515DD71293781F300F895E6 /* BoolProtectionTest.swift */; };
/* End PBXBuildFile section */

/* Begin PBXContainerItemProxy section */
		F2432DDE2939D5D100B1E010 /* PBXContainerItemProxy */ = {
			isa = PBXContainerItemProxy;
			containerPortal = 551D301129377FBA00C375F0 /* Project object */;
			proxyType = 1;
			remoteGlobalIDString = 551D301829377FBA00C375F0;
			remoteInfo = JsonDecodeProtection;
		};
/* End PBXContainerItemProxy section */

/* Begin PBXFileReference section */
		5515DD71293781F300F895E6 /* BoolProtectionTest.swift */ = {isa = PBXFileReference; lastKnownFileType = sourcecode.swift; path = BoolProtectionTest.swift; sourceTree = "<group>"; };
		551671FF293795B500867894 /* README.md */ = {isa = PBXFileReference; fileEncoding = 4; lastKnownFileType = net.daringfireball.markdown; path = README.md; sourceTree = "<group>"; };
		551D301929377FBA00C375F0 /* JsonDecodeProtection.app */ = {isa = PBXFileReference; explicitFileType = wrapper.application; includeInIndex = 0; path = JsonDecodeProtection.app; sourceTree = BUILT_PRODUCTS_DIR; };
		551D301C29377FBA00C375F0 /* AppDelegate.swift */ = {isa = PBXFileReference; lastKnownFileType = sourcecode.swift; path = AppDelegate.swift; sourceTree = "<group>"; };
		551D301E29377FBA00C375F0 /* SceneDelegate.swift */ = {isa = PBXFileReference; lastKnownFileType = sourcecode.swift; path = SceneDelegate.swift; sourceTree = "<group>"; };
		551D302029377FBA00C375F0 /* ViewController.swift */ = {isa = PBXFileReference; lastKnownFileType = sourcecode.swift; path = ViewController.swift; sourceTree = "<group>"; };
		551D302329377FBA00C375F0 /* Base */ = {isa = PBXFileReference; lastKnownFileType = file.storyboard; name = Base; path = Base.lproj/Main.storyboard; sourceTree = "<group>"; };
		551D302529377FBB00C375F0 /* Assets.xcassets */ = {isa = PBXFileReference; lastKnownFileType = folder.assetcatalog; path = Assets.xcassets; sourceTree = "<group>"; };
		551D302829377FBB00C375F0 /* Base */ = {isa = PBXFileReference; lastKnownFileType = file.storyboard; name = Base; path = Base.lproj/LaunchScreen.storyboard; sourceTree = "<group>"; };
		551D302A29377FBB00C375F0 /* Info.plist */ = {isa = PBXFileReference; lastKnownFileType = text.plist.xml; path = Info.plist; sourceTree = "<group>"; };
		551D304F29377FEB00C375F0 /* BoolProtection.swift */ = {isa = PBXFileReference; fileEncoding = 4; lastKnownFileType = sourcecode.swift; path = BoolProtection.swift; sourceTree = "<group>"; };
		551D305029377FEB00C375F0 /* ObjectProtection.swift */ = {isa = PBXFileReference; fileEncoding = 4; lastKnownFileType = sourcecode.swift; path = ObjectProtection.swift; sourceTree = "<group>"; };
		551D305129377FEB00C375F0 /* UIImageProtection.swift */ = {isa = PBXFileReference; fileEncoding = 4; lastKnownFileType = sourcecode.swift; path = UIImageProtection.swift; sourceTree = "<group>"; };
		551D305229377FEB00C375F0 /* NumberProtection.swift */ = {isa = PBXFileReference; fileEncoding = 4; lastKnownFileType = sourcecode.swift; path = NumberProtection.swift; sourceTree = "<group>"; };
		551D305329377FEB00C375F0 /* MissingKeyProtection.swift */ = {isa = PBXFileReference; fileEncoding = 4; lastKnownFileType = sourcecode.swift; path = MissingKeyProtection.swift; sourceTree = "<group>"; };
		551D305429377FEB00C375F0 /* NumbersProtection.swift */ = {isa = PBXFileReference; fileEncoding = 4; lastKnownFileType = sourcecode.swift; path = NumbersProtection.swift; sourceTree = "<group>"; };
		551D305529377FEB00C375F0 /* URLProtection.swift */ = {isa = PBXFileReference; fileEncoding = 4; lastKnownFileType = sourcecode.swift; path = URLProtection.swift; sourceTree = "<group>"; };
		F2432DDA2939D5D100B1E010 /* JsonDecodeProtectionTests.xctest */ = {isa = PBXFileReference; explicitFileType = wrapper.cfbundle; includeInIndex = 0; path = JsonDecodeProtectionTests.xctest; sourceTree = BUILT_PRODUCTS_DIR; };
/* End PBXFileReference section */

/* Begin PBXFrameworksBuildPhase section */
		551D301629377FBA00C375F0 /* Frameworks */ = {
			isa = PBXFrameworksBuildPhase;
			buildActionMask = 2147483647;
			files = (
			);
			runOnlyForDeploymentPostprocessing = 0;
		};
		F2432DD72939D5D100B1E010 /* Frameworks */ = {
			isa = PBXFrameworksBuildPhase;
			buildActionMask = 2147483647;
			files = (
			);
			runOnlyForDeploymentPostprocessing = 0;
		};
/* End PBXFrameworksBuildPhase section */

/* Begin PBXGroup section */
		551D301029377FBA00C375F0 = {
			isa = PBXGroup;
			children = (
				551671FF293795B500867894 /* README.md */,
				551D304E29377FEB00C375F0 /* SourceCode */,
				551D301B29377FBA00C375F0 /* JsonDecodeProtection */,
				551D303229377FBB00C375F0 /* JsonDecodeProtectionTests */,
				551D301A29377FBA00C375F0 /* Products */,
			);
			sourceTree = "<group>";
		};
		551D301A29377FBA00C375F0 /* Products */ = {
			isa = PBXGroup;
			children = (
				551D301929377FBA00C375F0 /* JsonDecodeProtection.app */,
				F2432DDA2939D5D100B1E010 /* JsonDecodeProtectionTests.xctest */,
			);
			name = Products;
			sourceTree = "<group>";
		};
		551D301B29377FBA00C375F0 /* JsonDecodeProtection */ = {
			isa = PBXGroup;
			children = (
				551D301C29377FBA00C375F0 /* AppDelegate.swift */,
				551D301E29377FBA00C375F0 /* SceneDelegate.swift */,
				551D302029377FBA00C375F0 /* ViewController.swift */,
				551D302229377FBA00C375F0 /* Main.storyboard */,
				551D302529377FBB00C375F0 /* Assets.xcassets */,
				551D302729377FBB00C375F0 /* LaunchScreen.storyboard */,
				551D302A29377FBB00C375F0 /* Info.plist */,
			);
			path = JsonDecodeProtection;
			sourceTree = "<group>";
		};
		551D303229377FBB00C375F0 /* JsonDecodeProtectionTests */ = {
			isa = PBXGroup;
			children = (
				5515DD71293781F300F895E6 /* BoolProtectionTest.swift */,
			);
			path = JsonDecodeProtectionTests;
			sourceTree = "<group>";
		};
		551D304E29377FEB00C375F0 /* SourceCode */ = {
			isa = PBXGroup;
			children = (
				551D304F29377FEB00C375F0 /* BoolProtection.swift */,
				551D305029377FEB00C375F0 /* ObjectProtection.swift */,
				551D305129377FEB00C375F0 /* UIImageProtection.swift */,
				551D305229377FEB00C375F0 /* NumberProtection.swift */,
				551D305329377FEB00C375F0 /* MissingKeyProtection.swift */,
				551D305429377FEB00C375F0 /* NumbersProtection.swift */,
				551D305529377FEB00C375F0 /* URLProtection.swift */,
			);
			path = SourceCode;
			sourceTree = "<group>";
		};
/* End PBXGroup section */

/* Begin PBXNativeTarget section */
		551D301829377FBA00C375F0 /* JsonDecodeProtection */ = {
			isa = PBXNativeTarget;
			buildConfigurationList = 551D304329377FBB00C375F0 /* Build configuration list for PBXNativeTarget "JsonDecodeProtection" */;
			buildPhases = (
				551D301529377FBA00C375F0 /* Sources */,
				551D301629377FBA00C375F0 /* Frameworks */,
				551D301729377FBA00C375F0 /* Resources */,
			);
			buildRules = (
			);
			dependencies = (
			);
			name = JsonDecodeProtection;
			productName = JsonDecodeProtection;
			productReference = 551D301929377FBA00C375F0 /* JsonDecodeProtection.app */;
			productType = "com.apple.product-type.application";
		};
		F2432DD92939D5D100B1E010 /* JsonDecodeProtectionTests */ = {
			isa = PBXNativeTarget;
			buildConfigurationList = F2432DE02939D5D100B1E010 /* Build configuration list for PBXNativeTarget "JsonDecodeProtectionTests" */;
			buildPhases = (
				F2432DD62939D5D100B1E010 /* Sources */,
				F2432DD72939D5D100B1E010 /* Frameworks */,
				F2432DD82939D5D100B1E010 /* Resources */,
			);
			buildRules = (
			);
			dependencies = (
				F2432DDF2939D5D100B1E010 /* PBXTargetDependency */,
			);
			name = JsonDecodeProtectionTests;
			productName = JsonDecodeProtectionTests;
			productReference = F2432DDA2939D5D100B1E010 /* JsonDecodeProtectionTests.xctest */;
			productType = "com.apple.product-type.bundle.unit-test";
		};
/* End PBXNativeTarget section */

/* Begin PBXProject section */
		551D301129377FBA00C375F0 /* Project object */ = {
			isa = PBXProject;
			attributes = {
				BuildIndependentTargetsInParallel = 1;
				LastSwiftUpdateCheck = 1400;
				LastUpgradeCheck = 1400;
				TargetAttributes = {
					551D301829377FBA00C375F0 = {
						CreatedOnToolsVersion = 14.0;
					};
					F2432DD92939D5D100B1E010 = {
						CreatedOnToolsVersion = 14.1;
						TestTargetID = 551D301829377FBA00C375F0;
					};
				};
			};
			buildConfigurationList = 551D301429377FBA00C375F0 /* Build configuration list for PBXProject "JsonDecodeProtection" */;
			compatibilityVersion = "Xcode 13.0";
			developmentRegion = en;
			hasScannedForEncodings = 0;
			knownRegions = (
				en,
				Base,
			);
			mainGroup = 551D301029377FBA00C375F0;
			productRefGroup = 551D301A29377FBA00C375F0 /* Products */;
			projectDirPath = "";
			projectRoot = "";
			targets = (
				551D301829377FBA00C375F0 /* JsonDecodeProtection */,
				F2432DD92939D5D100B1E010 /* JsonDecodeProtectionTests */,
			);
		};
/* End PBXProject section */

/* Begin PBXResourcesBuildPhase section */
		551D301729377FBA00C375F0 /* Resources */ = {
			isa = PBXResourcesBuildPhase;
			buildActionMask = 2147483647;
			files = (
				551D302929377FBB00C375F0 /* LaunchScreen.storyboard in Resources */,
				551D302629377FBB00C375F0 /* Assets.xcassets in Resources */,
				55167200293795B500867894 /* README.md in Resources */,
				551D302429377FBA00C375F0 /* Main.storyboard in Resources */,
			);
			runOnlyForDeploymentPostprocessing = 0;
		};
		F2432DD82939D5D100B1E010 /* Resources */ = {
			isa = PBXResourcesBuildPhase;
			buildActionMask = 2147483647;
			files = (
			);
			runOnlyForDeploymentPostprocessing = 0;
		};
/* End PBXResourcesBuildPhase section */

/* Begin PBXSourcesBuildPhase section */
		551D301529377FBA00C375F0 /* Sources */ = {
			isa = PBXSourcesBuildPhase;
			buildActionMask = 2147483647;
			files = (
				551D305729377FEB00C375F0 /* ObjectProtection.swift in Sources */,
				551D305B29377FEB00C375F0 /* NumbersProtection.swift in Sources */,
				551D302129377FBA00C375F0 /* ViewController.swift in Sources */,
				551D305629377FEB00C375F0 /* BoolProtection.swift in Sources */,
				551D305829377FEB00C375F0 /* UIImageProtection.swift in Sources */,
				551D301D29377FBA00C375F0 /* AppDelegate.swift in Sources */,
				551D305929377FEB00C375F0 /* NumberProtection.swift in Sources */,
				551D305A29377FEB00C375F0 /* MissingKeyProtection.swift in Sources */,
				551D301F29377FBA00C375F0 /* SceneDelegate.swift in Sources */,
				551D305C29377FEB00C375F0 /* URLProtection.swift in Sources */,
			);
			runOnlyForDeploymentPostprocessing = 0;
		};
		F2432DD62939D5D100B1E010 /* Sources */ = {
			isa = PBXSourcesBuildPhase;
			buildActionMask = 2147483647;
			files = (
				F2432DE32939D8F400B1E010 /* BoolProtectionTest.swift in Sources */,
			);
			runOnlyForDeploymentPostprocessing = 0;
		};
/* End PBXSourcesBuildPhase section */

/* Begin PBXTargetDependency section */
		F2432DDF2939D5D100B1E010 /* PBXTargetDependency */ = {
			isa = PBXTargetDependency;
			target = 551D301829377FBA00C375F0 /* JsonDecodeProtection */;
			targetProxy = F2432DDE2939D5D100B1E010 /* PBXContainerItemProxy */;
		};
/* End PBXTargetDependency section */

/* Begin PBXVariantGroup section */
		551D302229377FBA00C375F0 /* Main.storyboard */ = {
			isa = PBXVariantGroup;
			children = (
				551D302329377FBA00C375F0 /* Base */,
			);
			name = Main.storyboard;
			sourceTree = "<group>";
		};
		551D302729377FBB00C375F0 /* LaunchScreen.storyboard */ = {
			isa = PBXVariantGroup;
			children = (
				551D302829377FBB00C375F0 /* Base */,
			);
			name = LaunchScreen.storyboard;
			sourceTree = "<group>";
		};
/* End PBXVariantGroup section */

/* Begin XCBuildConfiguration section */
		551D304129377FBB00C375F0 /* Debug */ = {
			isa = XCBuildConfiguration;
			buildSettings = {
				ALWAYS_SEARCH_USER_PATHS = NO;
				CLANG_ANALYZER_NONNULL = YES;
				CLANG_ANALYZER_NUMBER_OBJECT_CONVERSION = YES_AGGRESSIVE;
				CLANG_CXX_LANGUAGE_STANDARD = "gnu++20";
				CLANG_ENABLE_MODULES = YES;
				CLANG_ENABLE_OBJC_ARC = YES;
				CLANG_ENABLE_OBJC_WEAK = YES;
				CLANG_WARN_BLOCK_CAPTURE_AUTORELEASING = YES;
				CLANG_WARN_BOOL_CONVERSION = YES;
				CLANG_WARN_COMMA = YES;
				CLANG_WARN_CONSTANT_CONVERSION = YES;
				CLANG_WARN_DEPRECATED_OBJC_IMPLEMENTATIONS = YES;
				CLANG_WARN_DIRECT_OBJC_ISA_USAGE = YES_ERROR;
				CLANG_WARN_DOCUMENTATION_COMMENTS = YES;
				CLANG_WARN_EMPTY_BODY = YES;
				CLANG_WARN_ENUM_CONVERSION = YES;
				CLANG_WARN_INFINITE_RECURSION = YES;
				CLANG_WARN_INT_CONVERSION = YES;
				CLANG_WARN_NON_LITERAL_NULL_CONVERSION = YES;
				CLANG_WARN_OBJC_IMPLICIT_RETAIN_SELF = YES;
				CLANG_WARN_OBJC_LITERAL_CONVERSION = YES;
				CLANG_WARN_OBJC_ROOT_CLASS = YES_ERROR;
				CLANG_WARN_QUOTED_INCLUDE_IN_FRAMEWORK_HEADER = YES;
				CLANG_WARN_RANGE_LOOP_ANALYSIS = YES;
				CLANG_WARN_STRICT_PROTOTYPES = YES;
				CLANG_WARN_SUSPICIOUS_MOVE = YES;
				CLANG_WARN_UNGUARDED_AVAILABILITY = YES_AGGRESSIVE;
				CLANG_WARN_UNREACHABLE_CODE = YES;
				CLANG_WARN__DUPLICATE_METHOD_MATCH = YES;
				COPY_PHASE_STRIP = NO;
				DEBUG_INFORMATION_FORMAT = dwarf;
				ENABLE_STRICT_OBJC_MSGSEND = YES;
				ENABLE_TESTABILITY = YES;
				GCC_C_LANGUAGE_STANDARD = gnu11;
				GCC_DYNAMIC_NO_PIC = NO;
				GCC_NO_COMMON_BLOCKS = YES;
				GCC_OPTIMIZATION_LEVEL = 0;
				GCC_PREPROCESSOR_DEFINITIONS = (
					"DEBUG=1",
					"$(inherited)",
				);
				GCC_WARN_64_TO_32_BIT_CONVERSION = YES;
				GCC_WARN_ABOUT_RETURN_TYPE = YES_ERROR;
				GCC_WARN_UNDECLARED_SELECTOR = YES;
				GCC_WARN_UNINITIALIZED_AUTOS = YES_AGGRESSIVE;
				GCC_WARN_UNUSED_FUNCTION = YES;
				GCC_WARN_UNUSED_VARIABLE = YES;
				IPHONEOS_DEPLOYMENT_TARGET = 14.0;
				MTL_ENABLE_DEBUG_INFO = INCLUDE_SOURCE;
				MTL_FAST_MATH = YES;
				ONLY_ACTIVE_ARCH = YES;
				SDKROOT = iphoneos;
				SWIFT_ACTIVE_COMPILATION_CONDITIONS = DEBUG;
				SWIFT_OPTIMIZATION_LEVEL = "-Onone";
			};
			name = Debug;
		};
		551D304229377FBB00C375F0 /* Release */ = {
			isa = XCBuildConfiguration;
			buildSettings = {
				ALWAYS_SEARCH_USER_PATHS = NO;
				CLANG_ANALYZER_NONNULL = YES;
				CLANG_ANALYZER_NUMBER_OBJECT_CONVERSION = YES_AGGRESSIVE;
				CLANG_CXX_LANGUAGE_STANDARD = "gnu++20";
				CLANG_ENABLE_MODULES = YES;
				CLANG_ENABLE_OBJC_ARC = YES;
				CLANG_ENABLE_OBJC_WEAK = YES;
				CLANG_WARN_BLOCK_CAPTURE_AUTORELEASING = YES;
				CLANG_WARN_BOOL_CONVERSION = YES;
				CLANG_WARN_COMMA = YES;
				CLANG_WARN_CONSTANT_CONVERSION = YES;
				CLANG_WARN_DEPRECATED_OBJC_IMPLEMENTATIONS = YES;
				CLANG_WARN_DIRECT_OBJC_ISA_USAGE = YES_ERROR;
				CLANG_WARN_DOCUMENTATION_COMMENTS = YES;
				CLANG_WARN_EMPTY_BODY = YES;
				CLANG_WARN_ENUM_CONVERSION = YES;
				CLANG_WARN_INFINITE_RECURSION = YES;
				CLANG_WARN_INT_CONVERSION = YES;
				CLANG_WARN_NON_LITERAL_NULL_CONVERSION = YES;
				CLANG_WARN_OBJC_IMPLICIT_RETAIN_SELF = YES;
				CLANG_WARN_OBJC_LITERAL_CONVERSION = YES;
				CLANG_WARN_OBJC_ROOT_CLASS = YES_ERROR;
				CLANG_WARN_QUOTED_INCLUDE_IN_FRAMEWORK_HEADER = YES;
				CLANG_WARN_RANGE_LOOP_ANALYSIS = YES;
				CLANG_WARN_STRICT_PROTOTYPES = YES;
				CLANG_WARN_SUSPICIOUS_MOVE = YES;
				CLANG_WARN_UNGUARDED_AVAILABILITY = YES_AGGRESSIVE;
				CLANG_WARN_UNREACHABLE_CODE = YES;
				CLANG_WARN__DUPLICATE_METHOD_MATCH = YES;
				COPY_PHASE_STRIP = NO;
				DEBUG_INFORMATION_FORMAT = "dwarf-with-dsym";
				ENABLE_NS_ASSERTIONS = NO;
				ENABLE_STRICT_OBJC_MSGSEND = YES;
				GCC_C_LANGUAGE_STANDARD = gnu11;
				GCC_NO_COMMON_BLOCKS = YES;
				GCC_WARN_64_TO_32_BIT_CONVERSION = YES;
				GCC_WARN_ABOUT_RETURN_TYPE = YES_ERROR;
				GCC_WARN_UNDECLARED_SELECTOR = YES;
				GCC_WARN_UNINITIALIZED_AUTOS = YES_AGGRESSIVE;
				GCC_WARN_UNUSED_FUNCTION = YES;
				GCC_WARN_UNUSED_VARIABLE = YES;
				IPHONEOS_DEPLOYMENT_TARGET = 14.0;
				MTL_ENABLE_DEBUG_INFO = NO;
				MTL_FAST_MATH = YES;
				SDKROOT = iphoneos;
				SWIFT_COMPILATION_MODE = wholemodule;
				SWIFT_OPTIMIZATION_LEVEL = "-O";
				VALIDATE_PRODUCT = YES;
			};
			name = Release;
		};
		551D304429377FBB00C375F0 /* Debug */ = {
			isa = XCBuildConfiguration;
			buildSettings = {
				ASSETCATALOG_COMPILER_APPICON_NAME = AppIcon;
				ASSETCATALOG_COMPILER_GLOBAL_ACCENT_COLOR_NAME = AccentColor;
				CODE_SIGN_IDENTITY = "Apple Development";
				CODE_SIGN_STYLE = Automatic;
				CURRENT_PROJECT_VERSION = 1;
				DEVELOPMENT_TEAM = Y5PE34DHT4;
				GENERATE_INFOPLIST_FILE = YES;
				INFOPLIST_FILE = JsonDecodeProtection/Info.plist;
				INFOPLIST_KEY_UIApplicationSupportsIndirectInputEvents = YES;
				INFOPLIST_KEY_UILaunchStoryboardName = LaunchScreen;
				INFOPLIST_KEY_UIMainStoryboardFile = Main;
				INFOPLIST_KEY_UISupportedInterfaceOrientations_iPad = "UIInterfaceOrientationPortrait UIInterfaceOrientationPortraitUpsideDown UIInterfaceOrientationLandscapeLeft UIInterfaceOrientationLandscapeRight";
				INFOPLIST_KEY_UISupportedInterfaceOrientations_iPhone = "UIInterfaceOrientationPortrait UIInterfaceOrientationLandscapeLeft UIInterfaceOrientationLandscapeRight";
				LD_RUNPATH_SEARCH_PATHS = (
					"$(inherited)",
					"@executable_path/Frameworks",
				);
				MARKETING_VERSION = 1.0;
				PRODUCT_BUNDLE_IDENTIFIER = com.mycompany.JsonDecodeProtection;
				PRODUCT_NAME = "$(TARGET_NAME)";
				PROVISIONING_PROFILE_SPECIFIER = "";
				SWIFT_EMIT_LOC_STRINGS = YES;
				SWIFT_VERSION = 5.0;
				TARGETED_DEVICE_FAMILY = "1,2";
			};
			name = Debug;
		};
		551D304529377FBB00C375F0 /* Release */ = {
			isa = XCBuildConfiguration;
			buildSettings = {
				ASSETCATALOG_COMPILER_APPICON_NAME = AppIcon;
				ASSETCATALOG_COMPILER_GLOBAL_ACCENT_COLOR_NAME = AccentColor;
				CODE_SIGN_IDENTITY = "Apple Development";
				CODE_SIGN_STYLE = Automatic;
				CURRENT_PROJECT_VERSION = 1;
				DEVELOPMENT_TEAM = Y5PE34DHT4;
				GENERATE_INFOPLIST_FILE = YES;
				INFOPLIST_FILE = JsonDecodeProtection/Info.plist;
				INFOPLIST_KEY_UIApplicationSupportsIndirectInputEvents = YES;
				INFOPLIST_KEY_UILaunchStoryboardName = LaunchScreen;
				INFOPLIST_KEY_UIMainStoryboardFile = Main;
				INFOPLIST_KEY_UISupportedInterfaceOrientations_iPad = "UIInterfaceOrientationPortrait UIInterfaceOrientationPortraitUpsideDown UIInterfaceOrientationLandscapeLeft UIInterfaceOrientationLandscapeRight";
				INFOPLIST_KEY_UISupportedInterfaceOrientations_iPhone = "UIInterfaceOrientationPortrait UIInterfaceOrientationLandscapeLeft UIInterfaceOrientationLandscapeRight";
				LD_RUNPATH_SEARCH_PATHS = (
					"$(inherited)",
					"@executable_path/Frameworks",
				);
				MARKETING_VERSION = 1.0;
				PRODUCT_BUNDLE_IDENTIFIER = com.mycompany.JsonDecodeProtection;
				PRODUCT_NAME = "$(TARGET_NAME)";
				PROVISIONING_PROFILE_SPECIFIER = "";
				SWIFT_EMIT_LOC_STRINGS = YES;
				SWIFT_VERSION = 5.0;
				TARGETED_DEVICE_FAMILY = "1,2";
			};
			name = Release;
		};
		F2432DE12939D5D100B1E010 /* Debug */ = {
			isa = XCBuildConfiguration;
			buildSettings = {
				ALWAYS_EMBED_SWIFT_STANDARD_LIBRARIES = YES;
				BUNDLE_LOADER = "$(TEST_HOST)";
				"CODE_SIGN_IDENTITY[sdk=macosx*]" = "-";
				CODE_SIGN_STYLE = Automatic;
				CURRENT_PROJECT_VERSION = 1;
				DEVELOPMENT_TEAM = Y5PE34DHT4;
				GENERATE_INFOPLIST_FILE = YES;
				IPHONEOS_DEPLOYMENT_TARGET = 14.0;
				MACOSX_DEPLOYMENT_TARGET = 12.2;
				MARKETING_VERSION = 1.0;
				PRODUCT_BUNDLE_IDENTIFIER = com.JsonDecodeProtectionTests;
				PRODUCT_NAME = "$(TARGET_NAME)";
				SWIFT_EMIT_LOC_STRINGS = NO;
				SWIFT_VERSION = 5.0;
				TARGETED_DEVICE_FAMILY = "1,2";
				TEST_HOST = "$(BUILT_PRODUCTS_DIR)/JsonDecodeProtection.app/JsonDecodeProtection";
				TVOS_DEPLOYMENT_TARGET = 14.0;
				WATCHOS_DEPLOYMENT_TARGET = 8.0;
			};
			name = Debug;
		};
		F2432DE22939D5D100B1E010 /* Release */ = {
			isa = XCBuildConfiguration;
			buildSettings = {
				ALWAYS_EMBED_SWIFT_STANDARD_LIBRARIES = YES;
				BUNDLE_LOADER = "$(TEST_HOST)";
				"CODE_SIGN_IDENTITY[sdk=macosx*]" = "-";
				CODE_SIGN_STYLE = Automatic;
				CURRENT_PROJECT_VERSION = 1;
				DEVELOPMENT_TEAM = Y5PE34DHT4;
				GENERATE_INFOPLIST_FILE = YES;
				IPHONEOS_DEPLOYMENT_TARGET = 14.0;
				MACOSX_DEPLOYMENT_TARGET = 12.2;
				MARKETING_VERSION = 1.0;
				PRODUCT_BUNDLE_IDENTIFIER = com.JsonDecodeProtectionTests;
				PRODUCT_NAME = "$(TARGET_NAME)";
				SWIFT_EMIT_LOC_STRINGS = NO;
				SWIFT_VERSION = 5.0;
				TARGETED_DEVICE_FAMILY = "1,2";
				TEST_HOST = "$(BUILT_PRODUCTS_DIR)/JsonDecodeProtection.app/JsonDecodeProtection";
				TVOS_DEPLOYMENT_TARGET = 14.0;
				WATCHOS_DEPLOYMENT_TARGET = 8.0;
			};
			name = Release;
		};
/* End XCBuildConfiguration section */

/* Begin XCConfigurationList section */
		551D301429377FBA00C375F0 /* Build configuration list for PBXProject "JsonDecodeProtection" */ = {
			isa = XCConfigurationList;
			buildConfigurations = (
				551D304129377FBB00C375F0 /* Debug */,
				551D304229377FBB00C375F0 /* Release */,
			);
			defaultConfigurationIsVisible = 0;
			defaultConfigurationName = Release;
		};
		551D304329377FBB00C375F0 /* Build configuration list for PBXNativeTarget "JsonDecodeProtection" */ = {
			isa = XCConfigurationList;
			buildConfigurations = (
				551D304429377FBB00C375F0 /* Debug */,
				551D304529377FBB00C375F0 /* Release */,
			);
			defaultConfigurationIsVisible = 0;
			defaultConfigurationName = Release;
		};
		F2432DE02939D5D100B1E010 /* Build configuration list for PBXNativeTarget "JsonDecodeProtectionTests" */ = {
			isa = XCConfigurationList;
			buildConfigurations = (
				F2432DE12939D5D100B1E010 /* Debug */,
				F2432DE22939D5D100B1E010 /* Release */,
			);
			defaultConfigurationIsVisible = 0;
			defaultConfigurationName = Release;
		};
/* End XCConfigurationList section */
	};
	rootObject = 551D301129377FBA00C375F0 /* Project object */;
}
